
Microsoft Visual Studio Solution File, Format Version 12.00
# Visual Studio Version 16
VisualStudioVersion = 25.0.1703.8
MinimumVisualStudioVersion = 10.0.40219.1
Project("{FAE04EC0-301F-11D3-BF4B-00C04F79EFBC}") = "ProjectLab_Demo", "ProjectLab_Demo.csproj", "{19A60AFB-E9E4-4B0C-B5C4-199F9FDFB361}"
EndProject
Global
	GlobalSection(SolutionConfigurationPlatforms) = preSolution
		Debug_v1_ProjLab|Any CPU = Debug_v1_ProjLab|Any CPU
		Release_v1_ProjLab|Any CPU = Release_v1_ProjLab|Any CPU
		Debug_v2_ProjLab|Any CPU = Debug_v2_ProjLab|Any CPU
		Release_v2_ProjLab|Any CPU = Release_v2_ProjLab|Any CPU
	EndGlobalSection
	GlobalSection(ProjectConfigurationPlatforms) = postSolution
		{19A60AFB-E9E4-4B0C-B5C4-199F9FDFB361}.Debug_v1_ProjLab|Any CPU.ActiveCfg = Debug_v1_ProjLab|Any CPU
		{19A60AFB-E9E4-4B0C-B5C4-199F9FDFB361}.Debug_v1_ProjLab|Any CPU.Build.0 = Debug_v1_ProjLab|Any CPU
		{19A60AFB-E9E4-4B0C-B5C4-199F9FDFB361}.Release_v1_ProjLab|Any CPU.ActiveCfg = Release_v1_ProjLab|Any CPU
		{19A60AFB-E9E4-4B0C-B5C4-199F9FDFB361}.Release_v1_ProjLab|Any CPU.Build.0 = Release_v1_ProjLab|Any CPU
		{19A60AFB-E9E4-4B0C-B5C4-199F9FDFB361}.Debug_v2_ProjLab|Any CPU.ActiveCfg = Debug_v2_ProjLab|Any CPU
		{19A60AFB-E9E4-4B0C-B5C4-199F9FDFB361}.Debug_v2_ProjLab|Any CPU.Build.0 = Debug_v2_ProjLab|Any CPU
		{19A60AFB-E9E4-4B0C-B5C4-199F9FDFB361}.Release_v2_ProjLab|Any CPU.ActiveCfg = Release_v2_ProjLab|Any CPU
		{19A60AFB-E9E4-4B0C-B5C4-199F9FDFB361}.Release_v2_ProjLab|Any CPU.Build.0 = Release_v2_ProjLab|Any CPU
	EndGlobalSection
	GlobalSection(SolutionProperties) = preSolution
		HideSolutionNode = FALSE
	EndGlobalSection
	GlobalSection(ExtensibilityGlobals) = postSolution
		SolutionGuid = {864E20B2-C77D-4B30-9BDE-24B1417E98CB}
	EndGlobalSection
EndGlobal
