
Microsoft Visual Studio Solution File, Format Version 12.00
# Visual Studio Version 17
VisualStudioVersion = 17.3.32929.385
MinimumVisualStudioVersion = 10.0.40219.1
Project("{9A19103F-16F7-4668-BE54-9A1E7A4F7556}") = "Meadow.ProjectLab", "Meadow.ProjectLab.csproj", "{1DB94D06-E8DE-477D-9C7A-AFC9323FAE40}"
EndProject
Global
	GlobalSection(SolutionConfigurationPlatforms) = preSolution
		Debug|Any CPU = Debug|Any CPU
		Release|Any CPU = Release|Any CPU
	EndGlobalSection
	GlobalSection(ProjectConfigurationPlatforms) = postSolution
		{1DB94D06-E8DE-477D-9C7A-AFC9323FAE40}.Debug|Any CPU.ActiveCfg = Debug|Any CPU
		{1DB94D06-E8DE-477D-9C7A-AFC9323FAE40}.Debug|Any CPU.Build.0 = Debug|Any CPU
		{1DB94D06-E8DE-477D-9C7A-AFC9323FAE40}.Debug|Any CPU.Deploy.0 = Debug|Any CPU
		{1DB94D06-E8DE-477D-9C7A-AFC9323FAE40}.Release|Any CPU.ActiveCfg = Release|Any CPU
		{1DB94D06-E8DE-477D-9C7A-AFC9323FAE40}.Release|Any CPU.Build.0 = Release|Any CPU
		{1DB94D06-E8DE-477D-9C7A-AFC9323FAE40}.Release|Any CPU.Deploy.0 = Release|Any CPU
	EndGlobalSection
	GlobalSection(SolutionProperties) = preSolution
		HideSolutionNode = FALSE
	EndGlobalSection
	GlobalSection(ExtensibilityGlobals) = postSolution
		SolutionGuid = {C1A24E3C-F7F9-4EB3-8A7F-5C6AB7C2A43D}
	EndGlobalSection
EndGlobal
