
Microsoft Visual Studio Solution File, Format Version 12.00
# Visual Studio Version 17
VisualStudioVersion = 17.3.32929.385
MinimumVisualStudioVersion = 10.0.40219.1
Project("{9A19103F-16F7-4668-BE54-9A1E7A4F7556}") = "Meadow.ProjectLab", "Meadow.ProjectLab\Meadow.ProjectLab.csproj", "{A263ECD8-AA98-4E1C-B404-EC360584362B}"
EndProject
Project("{9A19103F-16F7-4668-BE54-9A1E7A4F7556}") = "ProjectLab_Demo", "ProjectLab_Demo\ProjectLab_Demo.csproj", "{C9A1FF4C-7210-4EA6-874E-44BE198B2790}"
EndProject
Project("{2150E333-8FDC-42A3-9474-1A3956D46DE8}") = "_External", "_External", "{580CAC8F-38C5-4DEA-AAEA-415F5D08982B}"
EndProject
Project("{9A19103F-16F7-4668-BE54-9A1E7A4F7556}") = "ICs.IOExpanders.Mcp23xxx", "..\..\Meadow.Foundation\Source\Meadow.Foundation.Peripherals\ICs.IOExpanders.Mcp23xxx\Driver\ICs.IOExpanders.Mcp23xxx.csproj", "{824A3FDF-2C92-4C5E-9040-EB4221E75B75}"
EndProject
Project("{9A19103F-16F7-4668-BE54-9A1E7A4F7556}") = "Meadow.Foundation.Core", "..\..\Meadow.Foundation\Source\Meadow.Foundation.Core\Meadow.Foundation.Core.csproj", "{37AAB07A-1F40-4660-97A5-D24890ED7F27}"
EndProject
Global
	GlobalSection(SolutionConfigurationPlatforms) = preSolution
		Debug_v1_ProjLab|Any CPU = Debug_v1_ProjLab|Any CPU
		Debug_v2_ProjLab|Any CPU = Debug_v2_ProjLab|Any CPU
		Debug|Any CPU = Debug|Any CPU
		Release_v1_ProjLab|Any CPU = Release_v1_ProjLab|Any CPU
		Release_v2_ProjLab|Any CPU = Release_v2_ProjLab|Any CPU
		Release|Any CPU = Release|Any CPU
	EndGlobalSection
	GlobalSection(ProjectConfigurationPlatforms) = postSolution
		{A263ECD8-AA98-4E1C-B404-EC360584362B}.Debug_v1_ProjLab|Any CPU.ActiveCfg = Debug|Any CPU
		{A263ECD8-AA98-4E1C-B404-EC360584362B}.Debug_v1_ProjLab|Any CPU.Build.0 = Debug|Any CPU
		{A263ECD8-AA98-4E1C-B404-EC360584362B}.Debug_v1_ProjLab|Any CPU.Deploy.0 = Debug|Any CPU
		{A263ECD8-AA98-4E1C-B404-EC360584362B}.Debug_v2_ProjLab|Any CPU.ActiveCfg = Debug|Any CPU
		{A263ECD8-AA98-4E1C-B404-EC360584362B}.Debug_v2_ProjLab|Any CPU.Build.0 = Debug|Any CPU
		{A263ECD8-AA98-4E1C-B404-EC360584362B}.Debug_v2_ProjLab|Any CPU.Deploy.0 = Debug|Any CPU
		{A263ECD8-AA98-4E1C-B404-EC360584362B}.Debug|Any CPU.ActiveCfg = Debug|Any CPU
		{A263ECD8-AA98-4E1C-B404-EC360584362B}.Debug|Any CPU.Build.0 = Debug|Any CPU
		{A263ECD8-AA98-4E1C-B404-EC360584362B}.Debug|Any CPU.Deploy.0 = Debug|Any CPU
		{A263ECD8-AA98-4E1C-B404-EC360584362B}.Release_v1_ProjLab|Any CPU.ActiveCfg = Release|Any CPU
		{A263ECD8-AA98-4E1C-B404-EC360584362B}.Release_v1_ProjLab|Any CPU.Build.0 = Release|Any CPU
		{A263ECD8-AA98-4E1C-B404-EC360584362B}.Release_v1_ProjLab|Any CPU.Deploy.0 = Release|Any CPU
		{A263ECD8-AA98-4E1C-B404-EC360584362B}.Release_v2_ProjLab|Any CPU.ActiveCfg = Release|Any CPU
		{A263ECD8-AA98-4E1C-B404-EC360584362B}.Release_v2_ProjLab|Any CPU.Build.0 = Release|Any CPU
		{A263ECD8-AA98-4E1C-B404-EC360584362B}.Release_v2_ProjLab|Any CPU.Deploy.0 = Release|Any CPU
		{A263ECD8-AA98-4E1C-B404-EC360584362B}.Release|Any CPU.ActiveCfg = Release|Any CPU
		{A263ECD8-AA98-4E1C-B404-EC360584362B}.Release|Any CPU.Build.0 = Release|Any CPU
		{A263ECD8-AA98-4E1C-B404-EC360584362B}.Release|Any CPU.Deploy.0 = Release|Any CPU
		{C9A1FF4C-7210-4EA6-874E-44BE198B2790}.Debug_v1_ProjLab|Any CPU.ActiveCfg = Debug_v1_ProjLab|Any CPU
		{C9A1FF4C-7210-4EA6-874E-44BE198B2790}.Debug_v1_ProjLab|Any CPU.Build.0 = Debug_v1_ProjLab|Any CPU
		{C9A1FF4C-7210-4EA6-874E-44BE198B2790}.Debug_v1_ProjLab|Any CPU.Deploy.0 = Debug_v1_ProjLab|Any CPU
		{C9A1FF4C-7210-4EA6-874E-44BE198B2790}.Debug_v2_ProjLab|Any CPU.ActiveCfg = Debug_v2_ProjLab|Any CPU
		{C9A1FF4C-7210-4EA6-874E-44BE198B2790}.Debug_v2_ProjLab|Any CPU.Build.0 = Debug_v2_ProjLab|Any CPU
		{C9A1FF4C-7210-4EA6-874E-44BE198B2790}.Debug_v2_ProjLab|Any CPU.Deploy.0 = Debug_v2_ProjLab|Any CPU
		{C9A1FF4C-7210-4EA6-874E-44BE198B2790}.Debug|Any CPU.ActiveCfg = Debug_v1_ProjLab|Any CPU
		{C9A1FF4C-7210-4EA6-874E-44BE198B2790}.Debug|Any CPU.Build.0 = Debug_v1_ProjLab|Any CPU
		{C9A1FF4C-7210-4EA6-874E-44BE198B2790}.Debug|Any CPU.Deploy.0 = Debug_v1_ProjLab|Any CPU
		{C9A1FF4C-7210-4EA6-874E-44BE198B2790}.Release_v1_ProjLab|Any CPU.ActiveCfg = Release_v1_ProjLab|Any CPU
		{C9A1FF4C-7210-4EA6-874E-44BE198B2790}.Release_v1_ProjLab|Any CPU.Build.0 = Release_v1_ProjLab|Any CPU
		{C9A1FF4C-7210-4EA6-874E-44BE198B2790}.Release_v1_ProjLab|Any CPU.Deploy.0 = Release_v1_ProjLab|Any CPU
		{C9A1FF4C-7210-4EA6-874E-44BE198B2790}.Release_v2_ProjLab|Any CPU.ActiveCfg = Release_v2_ProjLab|Any CPU
		{C9A1FF4C-7210-4EA6-874E-44BE198B2790}.Release_v2_ProjLab|Any CPU.Build.0 = Release_v2_ProjLab|Any CPU
		{C9A1FF4C-7210-4EA6-874E-44BE198B2790}.Release_v2_ProjLab|Any CPU.Deploy.0 = Release_v2_ProjLab|Any CPU
		{C9A1FF4C-7210-4EA6-874E-44BE198B2790}.Release|Any CPU.ActiveCfg = Release_v1_ProjLab|Any CPU
		{C9A1FF4C-7210-4EA6-874E-44BE198B2790}.Release|Any CPU.Build.0 = Release_v1_ProjLab|Any CPU
		{C9A1FF4C-7210-4EA6-874E-44BE198B2790}.Release|Any CPU.Deploy.0 = Release_v1_ProjLab|Any CPU
		{824A3FDF-2C92-4C5E-9040-EB4221E75B75}.Debug_v1_ProjLab|Any CPU.ActiveCfg = Debug|Any CPU
		{824A3FDF-2C92-4C5E-9040-EB4221E75B75}.Debug_v1_ProjLab|Any CPU.Build.0 = Debug|Any CPU
		{824A3FDF-2C92-4C5E-9040-EB4221E75B75}.Debug_v1_ProjLab|Any CPU.Deploy.0 = Debug|Any CPU
		{824A3FDF-2C92-4C5E-9040-EB4221E75B75}.Debug_v2_ProjLab|Any CPU.ActiveCfg = Debug|Any CPU
		{824A3FDF-2C92-4C5E-9040-EB4221E75B75}.Debug_v2_ProjLab|Any CPU.Build.0 = Debug|Any CPU
		{824A3FDF-2C92-4C5E-9040-EB4221E75B75}.Debug_v2_ProjLab|Any CPU.Deploy.0 = Debug|Any CPU
		{824A3FDF-2C92-4C5E-9040-EB4221E75B75}.Debug|Any CPU.ActiveCfg = Debug|Any CPU
		{824A3FDF-2C92-4C5E-9040-EB4221E75B75}.Debug|Any CPU.Build.0 = Debug|Any CPU
		{824A3FDF-2C92-4C5E-9040-EB4221E75B75}.Debug|Any CPU.Deploy.0 = Debug|Any CPU
		{824A3FDF-2C92-4C5E-9040-EB4221E75B75}.Release_v1_ProjLab|Any CPU.ActiveCfg = Release|Any CPU
		{824A3FDF-2C92-4C5E-9040-EB4221E75B75}.Release_v1_ProjLab|Any CPU.Build.0 = Release|Any CPU
		{824A3FDF-2C92-4C5E-9040-EB4221E75B75}.Release_v1_ProjLab|Any CPU.Deploy.0 = Release|Any CPU
		{824A3FDF-2C92-4C5E-9040-EB4221E75B75}.Release_v2_ProjLab|Any CPU.ActiveCfg = Release|Any CPU
		{824A3FDF-2C92-4C5E-9040-EB4221E75B75}.Release_v2_ProjLab|Any CPU.Build.0 = Release|Any CPU
		{824A3FDF-2C92-4C5E-9040-EB4221E75B75}.Release_v2_ProjLab|Any CPU.Deploy.0 = Release|Any CPU
		{824A3FDF-2C92-4C5E-9040-EB4221E75B75}.Release|Any CPU.ActiveCfg = Release|Any CPU
		{824A3FDF-2C92-4C5E-9040-EB4221E75B75}.Release|Any CPU.Build.0 = Release|Any CPU
		{824A3FDF-2C92-4C5E-9040-EB4221E75B75}.Release|Any CPU.Deploy.0 = Release|Any CPU
		{37AAB07A-1F40-4660-97A5-D24890ED7F27}.Debug_v1_ProjLab|Any CPU.ActiveCfg = Debug|Any CPU
		{37AAB07A-1F40-4660-97A5-D24890ED7F27}.Debug_v1_ProjLab|Any CPU.Build.0 = Debug|Any CPU
		{37AAB07A-1F40-4660-97A5-D24890ED7F27}.Debug_v1_ProjLab|Any CPU.Deploy.0 = Debug|Any CPU
		{37AAB07A-1F40-4660-97A5-D24890ED7F27}.Debug_v2_ProjLab|Any CPU.ActiveCfg = Debug|Any CPU
		{37AAB07A-1F40-4660-97A5-D24890ED7F27}.Debug_v2_ProjLab|Any CPU.Build.0 = Debug|Any CPU
		{37AAB07A-1F40-4660-97A5-D24890ED7F27}.Debug_v2_ProjLab|Any CPU.Deploy.0 = Debug|Any CPU
		{37AAB07A-1F40-4660-97A5-D24890ED7F27}.Debug|Any CPU.ActiveCfg = Debug|Any CPU
		{37AAB07A-1F40-4660-97A5-D24890ED7F27}.Debug|Any CPU.Build.0 = Debug|Any CPU
		{37AAB07A-1F40-4660-97A5-D24890ED7F27}.Debug|Any CPU.Deploy.0 = Debug|Any CPU
		{37AAB07A-1F40-4660-97A5-D24890ED7F27}.Release_v1_ProjLab|Any CPU.ActiveCfg = Release|Any CPU
		{37AAB07A-1F40-4660-97A5-D24890ED7F27}.Release_v1_ProjLab|Any CPU.Build.0 = Release|Any CPU
		{37AAB07A-1F40-4660-97A5-D24890ED7F27}.Release_v1_ProjLab|Any CPU.Deploy.0 = Release|Any CPU
		{37AAB07A-1F40-4660-97A5-D24890ED7F27}.Release_v2_ProjLab|Any CPU.ActiveCfg = Release|Any CPU
		{37AAB07A-1F40-4660-97A5-D24890ED7F27}.Release_v2_ProjLab|Any CPU.Build.0 = Release|Any CPU
		{37AAB07A-1F40-4660-97A5-D24890ED7F27}.Release_v2_ProjLab|Any CPU.Deploy.0 = Release|Any CPU
		{37AAB07A-1F40-4660-97A5-D24890ED7F27}.Release|Any CPU.ActiveCfg = Release|Any CPU
		{37AAB07A-1F40-4660-97A5-D24890ED7F27}.Release|Any CPU.Build.0 = Release|Any CPU
		{37AAB07A-1F40-4660-97A5-D24890ED7F27}.Release|Any CPU.Deploy.0 = Release|Any CPU
	EndGlobalSection
	GlobalSection(SolutionProperties) = preSolution
		HideSolutionNode = FALSE
	EndGlobalSection
	GlobalSection(NestedProjects) = preSolution
		{824A3FDF-2C92-4C5E-9040-EB4221E75B75} = {580CAC8F-38C5-4DEA-AAEA-415F5D08982B}
		{37AAB07A-1F40-4660-97A5-D24890ED7F27} = {580CAC8F-38C5-4DEA-AAEA-415F5D08982B}
	EndGlobalSection
	GlobalSection(ExtensibilityGlobals) = postSolution
		SolutionGuid = {C1A24E3C-F7F9-4EB3-8A7F-5C6AB7C2A43D}
	EndGlobalSection
EndGlobal
