
Microsoft Visual Studio Solution File, Format Version 12.00
# Visual Studio Version 17
VisualStudioVersion = 17.3.32929.385
MinimumVisualStudioVersion = 10.0.40219.1
Project("{9A19103F-16F7-4668-BE54-9A1E7A4F7556}") = "Meadow.ProjectLab", "Meadow.ProjectLab\Meadow.ProjectLab.csproj", "{A263ECD8-AA98-4E1C-B404-EC360584362B}"
EndProject
Project("{9A19103F-16F7-4668-BE54-9A1E7A4F7556}") = "ProjectLab_Demo", "ProjectLab_Demo\ProjectLab_Demo.csproj", "{C9A1FF4C-7210-4EA6-874E-44BE198B2790}"
EndProject
Global
	GlobalSection(SolutionConfigurationPlatforms) = preSolution
		Debug|Any CPU = Debug|Any CPU
		Release|Any CPU = Release|Any CPU
	EndGlobalSection
	GlobalSection(ProjectConfigurationPlatforms) = postSolution
		{A263ECD8-AA98-4E1C-B404-EC360584362B}.Debug|Any CPU.ActiveCfg = Debug|Any CPU
		{A263ECD8-AA98-4E1C-B404-EC360584362B}.Debug|Any CPU.Build.0 = Debug|Any CPU
		{A263ECD8-AA98-4E1C-B404-EC360584362B}.Debug|Any CPU.Deploy.0 = Debug|Any CPU
		{A263ECD8-AA98-4E1C-B404-EC360584362B}.Release|Any CPU.ActiveCfg = Release|Any CPU
		{A263ECD8-AA98-4E1C-B404-EC360584362B}.Release|Any CPU.Build.0 = Release|Any CPU
		{A263ECD8-AA98-4E1C-B404-EC360584362B}.Release|Any CPU.Deploy.0 = Release|Any CPU
		{C9A1FF4C-7210-4EA6-874E-44BE198B2790}.Debug|Any CPU.ActiveCfg = Debug|Any CPU
		{C9A1FF4C-7210-4EA6-874E-44BE198B2790}.Debug|Any CPU.Build.0 = Debug|Any CPU
		{C9A1FF4C-7210-4EA6-874E-44BE198B2790}.Debug|Any CPU.Deploy.0 = Debug|Any CPU
		{C9A1FF4C-7210-4EA6-874E-44BE198B2790}.Release|Any CPU.ActiveCfg = Debug|Any CPU
		{C9A1FF4C-7210-4EA6-874E-44BE198B2790}.Release|Any CPU.Build.0 = Debug|Any CPU
		{C9A1FF4C-7210-4EA6-874E-44BE198B2790}.Release|Any CPU.Deploy.0 = Debug|Any CPU
	EndGlobalSection
	GlobalSection(SolutionProperties) = preSolution
		HideSolutionNode = FALSE
	EndGlobalSection
	GlobalSection(NestedProjects) = preSolution
	EndGlobalSection
	GlobalSection(ExtensibilityGlobals) = postSolution
		SolutionGuid = {C1A24E3C-F7F9-4EB3-8A7F-5C6AB7C2A43D}
	EndGlobalSection
EndGlobal
